
Microsoft Visual Studio Solution File, Format Version 12.00
# Visual Studio Version 17
VisualStudioVersion = 17.4.33213.308
MinimumVisualStudioVersion = 10.0.40219.1
Project("{FAE04EC0-301F-11D3-BF4B-00C04F79EFBC}") = "Projeto_08", "Projeto_08\Projeto_08.csproj", "{D4565E9F-6D23-4EC4-8862-38EBD6836AC3}"
EndProject
Global
	GlobalSection(SolutionConfigurationPlatforms) = preSolution
		Debug|Any CPU = Debug|Any CPU
		Release|Any CPU = Release|Any CPU
	EndGlobalSection
	GlobalSection(ProjectConfigurationPlatforms) = postSolution
		{D4565E9F-6D23-4EC4-8862-38EBD6836AC3}.Debug|Any CPU.ActiveCfg = Debug|Any CPU
		{D4565E9F-6D23-4EC4-8862-38EBD6836AC3}.Debug|Any CPU.Build.0 = Debug|Any CPU
		{D4565E9F-6D23-4EC4-8862-38EBD6836AC3}.Release|Any CPU.ActiveCfg = Release|Any CPU
		{D4565E9F-6D23-4EC4-8862-38EBD6836AC3}.Release|Any CPU.Build.0 = Release|Any CPU
	EndGlobalSection
	GlobalSection(SolutionProperties) = preSolution
		HideSolutionNode = FALSE
	EndGlobalSection
	GlobalSection(ExtensibilityGlobals) = postSolution
		SolutionGuid = {249713E1-132A-4701-9F58-6DF3635B204E}
	EndGlobalSection
EndGlobal
